
Microsoft Visual Studio Solution File, Format Version 12.00
# Visual Studio Version 17
VisualStudioVersion = 17.6.33829.357
MinimumVisualStudioVersion = 10.0.40219.1
Project("{FAE04EC0-301F-11D3-BF4B-00C04F79EFBC}") = "LiteraryWings.ClienteBlazor", "LiteraryWings.ClienteBlazor\LiteraryWings.ClienteBlazor.csproj", "{4F30C8D4-EDB2-40F9-A4CF-2F4147074CEF}"
EndProject
Global
	GlobalSection(SolutionConfigurationPlatforms) = preSolution
		Debug|Any CPU = Debug|Any CPU
		Release|Any CPU = Release|Any CPU
	EndGlobalSection
	GlobalSection(ProjectConfigurationPlatforms) = postSolution
		{4F30C8D4-EDB2-40F9-A4CF-2F4147074CEF}.Debug|Any CPU.ActiveCfg = Debug|Any CPU
		{4F30C8D4-EDB2-40F9-A4CF-2F4147074CEF}.Debug|Any CPU.Build.0 = Debug|Any CPU
		{4F30C8D4-EDB2-40F9-A4CF-2F4147074CEF}.Release|Any CPU.ActiveCfg = Release|Any CPU
		{4F30C8D4-EDB2-40F9-A4CF-2F4147074CEF}.Release|Any CPU.Build.0 = Release|Any CPU
	EndGlobalSection
	GlobalSection(SolutionProperties) = preSolution
		HideSolutionNode = FALSE
	EndGlobalSection
	GlobalSection(ExtensibilityGlobals) = postSolution
		SolutionGuid = {98B6C7AF-7F9D-4EEC-8C4C-1E4EAD8A0BB2}
	EndGlobalSection
EndGlobal
